{
  "name": "olymp-lightbox",
  "version": "20.1.34",
  "lockfileVersion": 1,
  "requires": true,
  "dependencies": {
    "aphrodite": {
      "version": "1.2.5",
      "resolved": "https://registry.npmjs.org/aphrodite/-/aphrodite-1.2.5.tgz",
      "integrity": "sha1-g1jDbIC7A67puXFlqqcBhiJbSYM=",
      "requires": {
        "asap": "2.0.6",
        "inline-style-prefixer": "3.0.8",
        "string-hash": "1.1.3"
      }
    },
    "asap": {
      "version": "2.0.6",
      "resolved": "https://registry.npmjs.org/asap/-/asap-2.0.6.tgz",
      "integrity": "sha1-5QNHYR1+aQlDIIu9r+vLwvuGbUY="
    },
    "bowser": {
      "version": "1.9.1",
      "resolved": "https://registry.npmjs.org/bowser/-/bowser-1.9.1.tgz",
      "integrity": "sha512-UXti1JB6oK8hO983AImunnV6j/fqAEeDlPXh99zhsP5g32oLbxJJ6qcOaUesR+tqqhnUVQHlRJyD0dfiV0Hxaw=="
    },
    "css-in-js-utils": {
      "version": "2.0.0",
      "resolved": "https://registry.npmjs.org/css-in-js-utils/-/css-in-js-utils-2.0.0.tgz",
      "integrity": "sha512-yuWmPMD9FLi50Xf3k8W8oO3WM1eVnxEGCldCLyfusQ+CgivFk0s23yst4ooW6tfxMuSa03S6uUEga9UhX6GRrA==",
      "requires": {
        "hyphenate-style-name": "1.0.2"
      }
    },
    "hyphenate-style-name": {
      "version": "1.0.2",
      "resolved": "https://registry.npmjs.org/hyphenate-style-name/-/hyphenate-style-name-1.0.2.tgz",
      "integrity": "sha1-MRYKNpMK2vH8BMYHT360FGXU7Es="
    },
    "inline-style-prefixer": {
      "version": "3.0.8",
      "resolved": "https://registry.npmjs.org/inline-style-prefixer/-/inline-style-prefixer-3.0.8.tgz",
      "integrity": "sha1-hVG45bTVcyROZqNLBPfTIHaitTQ=",
      "requires": {
        "bowser": "1.9.1",
        "css-in-js-utils": "2.0.0"
      }
    },
    "string-hash": {
      "version": "1.1.3",
      "resolved": "https://registry.npmjs.org/string-hash/-/string-hash-1.1.3.tgz",
      "integrity": "sha1-6Kr8CsGFW0Zmkp7X3RJ1311sgRs="
    }
  }
}
